# This file is automatically @generated by Poetry 2.1.2 and should not be changed by hand.

[[package]]
name = "asdl"
version = "0.1.5"
description = "A copy of the ASDL parser used in CPython 3.5."
optional = false
python-versions = "*"
groups = ["main"]
files = [
    {file = "asdl-0.1.5-py2-none-any.whl", hash = "sha256:852b3821907183ac10ad1b977006c3438f621c52b3790ea3c3ba6c742a2a62f4"},
    {file = "asdl-0.1.5.tar.gz", hash = "sha256:33fb0cd20fd08210fb98995b306bf098e4d17fc0b5e59f754c517c4cb0245d9d"},
]

[package.extras]
dev = ["nose", "pep8 (==1.4.6)", "twine"]

[[package]]
name = "asdl-adt"
version = "0.1.0"
description = "Compiler IR tools"
optional = false
python-versions = "*"
groups = ["main"]
files = [
    {file = "asdl-adt-0.1.0.tar.gz", hash = "sha256:c6264ce6ba337a9342098ae60524347155535fdf480f770bb41b4bb6f695f48c"},
    {file = "asdl_adt-0.1.0-py3-none-any.whl", hash = "sha256:4a9c32958fea0ee248162fb7b1c724a801db7f5eba2724ddff64f317d184a580"},
]

[package.dependencies]
asdl = "*"
attrs = "*"

[[package]]
name = "attrs"
version = "25.3.0"
description = "Classes Without Boilerplate"
optional = false
python-versions = ">=3.8"
groups = ["main"]
files = [
    {file = "attrs-25.3.0-py3-none-any.whl", hash = "sha256:427318ce031701fea540783410126f03899a97ffc6f61596ad581ac2e40e3bc3"},
    {file = "attrs-25.3.0.tar.gz", hash = "sha256:75d7cefc7fb576747b2c81b4442d4d4a1ce0900973527c011d1030fd3bf4af1b"},
]

[package.extras]
benchmark = ["cloudpickle ; platform_python_implementation == \"CPython\"", "hypothesis", "mypy (>=1.11.1) ; platform_python_implementation == \"CPython\" and python_version >= \"3.10\"", "pympler", "pytest (>=4.3.0)", "pytest-codspeed", "pytest-mypy-plugins ; platform_python_implementation == \"CPython\" and python_version >= \"3.10\"", "pytest-xdist[psutil]"]
cov = ["cloudpickle ; platform_python_implementation == \"CPython\"", "coverage[toml] (>=5.3)", "hypothesis", "mypy (>=1.11.1) ; platform_python_implementation == \"CPython\" and python_version >= \"3.10\"", "pympler", "pytest (>=4.3.0)", "pytest-mypy-plugins ; platform_python_implementation == \"CPython\" and python_version >= \"3.10\"", "pytest-xdist[psutil]"]
dev = ["cloudpickle ; platform_python_implementation == \"CPython\"", "hypothesis", "mypy (>=1.11.1) ; platform_python_implementation == \"CPython\" and python_version >= \"3.10\"", "pre-commit-uv", "pympler", "pytest (>=4.3.0)", "pytest-mypy-plugins ; platform_python_implementation == \"CPython\" and python_version >= \"3.10\"", "pytest-xdist[psutil]"]
docs = ["cogapp", "furo", "myst-parser", "sphinx", "sphinx-notfound-page", "sphinxcontrib-towncrier", "towncrier"]
tests = ["cloudpickle ; platform_python_implementation == \"CPython\"", "hypothesis", "mypy (>=1.11.1) ; platform_python_implementation == \"CPython\" and python_version >= \"3.10\"", "pympler", "pytest (>=4.3.0)", "pytest-mypy-plugins ; platform_python_implementation == \"CPython\" and python_version >= \"3.10\"", "pytest-xdist[psutil]"]
tests-mypy = ["mypy (>=1.11.1) ; platform_python_implementation == \"CPython\" and python_version >= \"3.10\"", "pytest-mypy-plugins ; platform_python_implementation == \"CPython\" and python_version >= \"3.10\""]

[[package]]
name = "build"
version = "1.2.2.post1"
description = "A simple, correct Python build frontend"
optional = false
python-versions = ">=3.8"
groups = ["main"]
files = [
    {file = "build-1.2.2.post1-py3-none-any.whl", hash = "sha256:1d61c0887fa860c01971625baae8bdd338e517b836a2f70dd1f7aa3a6b2fc5b5"},
    {file = "build-1.2.2.post1.tar.gz", hash = "sha256:b36993e92ca9375a219c99e606a122ff365a760a2d4bba0caa09bd5278b608b7"},
]

[package.dependencies]
colorama = {version = "*", markers = "os_name == \"nt\""}
packaging = ">=19.1"
pyproject_hooks = "*"

[package.extras]
docs = ["furo (>=2023.08.17)", "sphinx (>=7.0,<8.0)", "sphinx-argparse-cli (>=1.5)", "sphinx-autodoc-typehints (>=1.10)", "sphinx-issues (>=3.0.0)"]
test = ["build[uv,virtualenv]", "filelock (>=3)", "pytest (>=6.2.4)", "pytest-cov (>=2.12)", "pytest-mock (>=2)", "pytest-rerunfailures (>=9.1)", "pytest-xdist (>=1.34)", "setuptools (>=42.0.0) ; python_version < \"3.10\"", "setuptools (>=56.0.0) ; python_version == \"3.10\"", "setuptools (>=56.0.0) ; python_version == \"3.11\"", "setuptools (>=67.8.0) ; python_version >= \"3.12\"", "wheel (>=0.36.0)"]
typing = ["build[uv]", "importlib-metadata (>=5.1)", "mypy (>=1.9.0,<1.10.0)", "tomli", "typing-extensions (>=3.7.4.3)"]
uv = ["uv (>=0.1.18)"]
virtualenv = ["virtualenv (>=20.0.35)"]

[[package]]
name = "colorama"
version = "0.4.6"
description = "Cross-platform colored terminal text."
optional = false
python-versions = "!=3.0.*,!=3.1.*,!=3.2.*,!=3.3.*,!=3.4.*,!=3.5.*,!=3.6.*,>=2.7"
groups = ["main"]
markers = "os_name == \"nt\""
files = [
    {file = "colorama-0.4.6-py2.py3-none-any.whl", hash = "sha256:4f1d9991f5acc0ca119f9d443620b77f9d6b33703e51011c16baf57afb285fc6"},
    {file = "colorama-0.4.6.tar.gz", hash = "sha256:08695f5cb7ed6e0531a20572697297273c47b8cae5a63ffc6d6ed5c201be6e44"},
]

[[package]]
name = "exo-lang"
version = "1.0.0"
description = "Exo: Exocompiled Array Language"
optional = false
python-versions = "*"
groups = ["main"]
files = [
    {file = "exo_lang-1.0.0-py3-none-any.whl", hash = "sha256:5688f9f260c30c1375a353f9e7a1f80aa4ea679aa147c037c21566a90facf4b3"},
    {file = "exo_lang-1.0.0.tar.gz", hash = "sha256:18d5216e6c7908d2b7be6c7a3c0206805742937596fb4738522ffa4b88b9a060"},
]

[package.dependencies]
asdl = ">=0.1.5"
asdl-adt = ">=0.1,<0.2"
build = ">=1.2.1"
PySMT = ">=0.9.5"
yapf = ">=0.40.2"
z3-solver = ">=4.13.0.0"

[[package]]
name = "packaging"
version = "24.2"
description = "Core utilities for Python packages"
optional = false
python-versions = ">=3.8"
groups = ["main"]
files = [
    {file = "packaging-24.2-py3-none-any.whl", hash = "sha256:09abb1bccd265c01f4a3aa3f7a7db064b36514d2cba19a2f694fe6150451a759"},
    {file = "packaging-24.2.tar.gz", hash = "sha256:c228a6dc5e932d346bc5739379109d49e8853dd8223571c7c5b55260edc0b97f"},
]

[[package]]
name = "platformdirs"
version = "4.3.7"
description = "A small Python package for determining appropriate platform-specific dirs, e.g. a `user data dir`."
optional = false
python-versions = ">=3.9"
groups = ["main"]
files = [
    {file = "platformdirs-4.3.7-py3-none-any.whl", hash = "sha256:a03875334331946f13c549dbd8f4bac7a13a50a895a0eb1e8c6a8ace80d40a94"},
    {file = "platformdirs-4.3.7.tar.gz", hash = "sha256:eb437d586b6a0986388f0d6f74aa0cde27b48d0e3d66843640bfb6bdcdb6e351"},
]

[package.extras]
docs = ["furo (>=2024.8.6)", "proselint (>=0.14)", "sphinx (>=8.1.3)", "sphinx-autodoc-typehints (>=3)"]
test = ["appdirs (==1.4.4)", "covdefaults (>=2.3)", "pytest (>=8.3.4)", "pytest-cov (>=6)", "pytest-mock (>=3.14)"]
type = ["mypy (>=1.14.1)"]

[[package]]
name = "pyproject-hooks"
version = "1.2.0"
description = "Wrappers to call pyproject.toml-based build backend hooks."
optional = false
python-versions = ">=3.7"
groups = ["main"]
files = [
    {file = "pyproject_hooks-1.2.0-py3-none-any.whl", hash = "sha256:9e5c6bfa8dcc30091c74b0cf803c81fdd29d94f01992a7707bc97babb1141913"},
    {file = "pyproject_hooks-1.2.0.tar.gz", hash = "sha256:1e859bd5c40fae9448642dd871adf459e5e2084186e8d2c2a79a824c970da1f8"},
]

[[package]]
name = "pysmt"
version = "0.9.6"
description = "A solver-agnostic library for SMT Formulae manipulation and solving"
optional = false
python-versions = "*"
groups = ["main"]
files = [
    {file = "PySMT-0.9.6-py2.py3-none-any.whl", hash = "sha256:41e9afed77d4d21930ee3abfd77b4c28189e579225d8def96e9fab6059a7ffce"},
    {file = "PySMT-0.9.6.tar.gz", hash = "sha256:e101927b65d66f7929ce9bfc4ad2d1e6914449575807fa37e9c810934c8a5d09"},
]

[[package]]
name = "yapf"
version = "0.43.0"
description = "A formatter for Python code"
optional = false
python-versions = ">=3.7"
groups = ["main"]
files = [
    {file = "yapf-0.43.0-py3-none-any.whl", hash = "sha256:224faffbc39c428cb095818cf6ef5511fdab6f7430a10783fdfb292ccf2852ca"},
    {file = "yapf-0.43.0.tar.gz", hash = "sha256:00d3aa24bfedff9420b2e0d5d9f5ab6d9d4268e72afbf59bb3fa542781d5218e"},
]

[package.dependencies]
platformdirs = ">=3.5.1"

[[package]]
name = "z3-solver"
version = "4.14.1.0"
description = "an efficient SMT solver library"
optional = false
python-versions = "*"
groups = ["main"]
files = [
    {file = "z3_solver-4.14.1.0-py3-none-macosx_13_0_arm64.whl", hash = "sha256:cb58bc05a88889d5ba6246ebc9f0d2f6cf346002fe73df4a4d8b358ac012ab44"},
    {file = "z3_solver-4.14.1.0-py3-none-macosx_13_0_x86_64.whl", hash = "sha256:86594ca6f25531d4bf1f42d23cbc463877ddd06c9d5c4df7160313e1dace898c"},
    {file = "z3_solver-4.14.1.0-py3-none-manylinux_2_17_x86_64.manylinux2014_x86_64.whl", hash = "sha256:dc8e48fa2855f6f7fa5fda450a5f7f042651f447835e5a2db531960658eb012d"},
    {file = "z3_solver-4.14.1.0-py3-none-manylinux_2_34_aarch64.whl", hash = "sha256:4bd2b1956c39e29902910ff3898b4999cd0613cf80eee4c58b1572cae3d33248"},
    {file = "z3_solver-4.14.1.0-py3-none-win32.whl", hash = "sha256:3ab20f602e9d00b3928f5692b05455c6496dd171761874937169f949cb5ee6f5"},
    {file = "z3_solver-4.14.1.0-py3-none-win_amd64.whl", hash = "sha256:5c04967807ba3a33a28232c6c4c59d76257b8726a323ee8aea907820f27ca76e"},
    {file = "z3_solver-4.14.1.0.tar.gz", hash = "sha256:ddc6981d83205cbe6000b8fa71f78da496bbaa635fadaf776b6d129b80e7b113"},
]

[metadata]
lock-version = "2.1"
python-versions = ">=3.11"
content-hash = "455c5a6fc399a838b8ce1bca71db2b25befd3fcf60e91fe4d5ff6ebb25168454"
